// !$*UTF8*$!
{
	archiveVersion = 1;
	classes = {
	};
	objectVersion = 46;
	objects = {

/* Begin PBXBuildFile section */
		C389E2081F20A87100C6009A /* AppDelegate.swift in Sources */ = {isa = PBXBuildFile; fileRef = C389E2071F20A87100C6009A /* AppDelegate.swift */; };
		C389E20A1F20A87100C6009A /* ViewController.swift in Sources */ = {isa = PBXBuildFile; fileRef = C389E2091F20A87100C6009A /* ViewController.swift */; };
		C389E20D1F20A87100C6009A /* Main.storyboard in Resources */ = {isa = PBXBuildFile; fileRef = C389E20B1F20A87100C6009A /* Main.storyboard */; };
		C389E20F1F20A87100C6009A /* Assets.xcassets in Resources */ = {isa = PBXBuildFile; fileRef = C389E20E1F20A87100C6009A /* Assets.xcassets */; };
		C389E2121F20A87100C6009A /* LaunchScreen.storyboard in Resources */ = {isa = PBXBuildFile; fileRef = C389E2101F20A87100C6009A /* LaunchScreen.storyboard */; };
		C389E21B1F20ABC500C6009A /* CustomTextField.swift in Sources */ = {isa = PBXBuildFile; fileRef = C389E21A1F20ABC500C6009A /* CustomTextField.swift */; };
/* End PBXBuildFile section */

/* Begin PBXFileReference section */
		C389E2041F20A87100C6009A /* CustomTextField.app */ = {isa = PBXFileReference; explicitFileType = wrapper.application; includeInIndex = 0; path = CustomTextField.app; sourceTree = BUILT_PRODUCTS_DIR; };
		C389E2071F20A87100C6009A /* AppDelegate.swift */ = {isa = PBXFileReference; lastKnownFileType = sourcecode.swift; path = AppDelegate.swift; sourceTree = "<group>"; };
		C389E2091F20A87100C6009A /* ViewController.swift */ = {isa = PBXFileReference; lastKnownFileType = sourcecode.swift; path = ViewController.swift; sourceTree = "<group>"; };
		C389E20C1F20A87100C6009A /* Base */ = {isa = PBXFileReference; lastKnownFileType = file.storyboard; name = Base; path = Base.lproj/Main.storyboard; sourceTree = "<group>"; };
		C389E20E1F20A87100C6009A /* Assets.xcassets */ = {isa = PBXFileReference; lastKnownFileType = folder.assetcatalog; path = Assets.xcassets; sourceTree = "<group>"; };
		C389E2111F20A87100C6009A /* Base */ = {isa = PBXFileReference; lastKnownFileType = file.storyboard; name = Base; path = Base.lproj/LaunchScreen.storyboard; sourceTree = "<group>"; };
		C389E2131F20A87100C6009A /* Info.plist */ = {isa = PBXFileReference; lastKnownFileType = text.plist.xml; path = Info.plist; sourceTree = "<group>"; };
		C389E21A1F20ABC500C6009A /* CustomTextField.swift */ = {isa = PBXFileReference; fileEncoding = 4; lastKnownFileType = sourcecode.swift; path = CustomTextField.swift; sourceTree = "<group>"; };
/* End PBXFileReference section */

/* Begin PBXFrameworksBuildPhase section */
		C389E2011F20A87100C6009A /* Frameworks */ = {
			isa = PBXFrameworksBuildPhase;
			buildActionMask = 2147483647;
			files = (
			);
			runOnlyForDeploymentPostprocessing = 0;
		};
/* End PBXFrameworksBuildPhase section */

/* Begin PBXGroup section */
		C389E1FB1F20A87100C6009A = {
			isa = PBXGroup;
			children = (
				C389E2061F20A87100C6009A /* CustomTextField */,
				C389E2051F20A87100C6009A /* Products */,
			);
			sourceTree = "<group>";
		};
		C389E2051F20A87100C6009A /* Products */ = {
			isa = PBXGroup;
			children = (
				C389E2041F20A87100C6009A /* CustomTextField.app */,
			);
			name = Products;
			sourceTree = "<group>";
		};
		C389E2061F20A87100C6009A /* CustomTextField */ = {
			isa = PBXGroup;
			children = (
				C389E2191F20ABB900C6009A /* CustomTextField */,
				C389E2071F20A87100C6009A /* AppDelegate.swift */,
				C389E2091F20A87100C6009A /* ViewController.swift */,
				C389E20B1F20A87100C6009A /* Main.storyboard */,
				C389E20E1F20A87100C6009A /* Assets.xcassets */,
				C389E2101F20A87100C6009A /* LaunchScreen.storyboard */,
				C389E2131F20A87100C6009A /* Info.plist */,
			);
			path = CustomTextField;
			sourceTree = "<group>";
		};
		C389E2191F20ABB900C6009A /* CustomTextField */ = {
			isa = PBXGroup;
			children = (
				C389E21A1F20ABC500C6009A /* CustomTextField.swift */,
			);
			path = CustomTextField;
			sourceTree = "<group>";
		};
/* End PBXGroup section */

/* Begin PBXNativeTarget section */
		C389E2031F20A87100C6009A /* CustomTextField */ = {
			isa = PBXNativeTarget;
			buildConfigurationList = C389E2161F20A87100C6009A /* Build configuration list for PBXNativeTarget "CustomTextField" */;
			buildPhases = (
				C389E2001F20A87100C6009A /* Sources */,
				C389E2011F20A87100C6009A /* Frameworks */,
				C389E2021F20A87100C6009A /* Resources */,
			);
			buildRules = (
			);
			dependencies = (
			);
			name = CustomTextField;
			productName = CustomTextField;
			productReference = C389E2041F20A87100C6009A /* CustomTextField.app */;
			productType = "com.apple.product-type.application";
		};
/* End PBXNativeTarget section */

/* Begin PBXProject section */
		C389E1FC1F20A87100C6009A /* Project object */ = {
			isa = PBXProject;
			attributes = {
				LastSwiftUpdateCheck = 0830;
				LastUpgradeCheck = 0830;
				ORGANIZATIONNAME = "Asad Ali";
				TargetAttributes = {
					C389E2031F20A87100C6009A = {
						CreatedOnToolsVersion = 8.3.3;
						DevelopmentTeam = YSMFM25N4P;
						ProvisioningStyle = Automatic;
					};
				};
			};
			buildConfigurationList = C389E1FF1F20A87100C6009A /* Build configuration list for PBXProject "CustomTextField" */;
			compatibilityVersion = "Xcode 3.2";
			developmentRegion = English;
			hasScannedForEncodings = 0;
			knownRegions = (
				en,
				Base,
			);
			mainGroup = C389E1FB1F20A87100C6009A;
			productRefGroup = C389E2051F20A87100C6009A /* Products */;
			projectDirPath = "";
			projectRoot = "";
			targets = (
				C389E2031F20A87100C6009A /* CustomTextField */,
			);
		};
/* End PBXProject section */

/* Begin PBXResourcesBuildPhase section */
		C389E2021F20A87100C6009A /* Resources */ = {
			isa = PBXResourcesBuildPhase;
			buildActionMask = 2147483647;
			files = (
				C389E2121F20A87100C6009A /* LaunchScreen.storyboard in Resources */,
				C389E20F1F20A87100C6009A /* Assets.xcassets in Resources */,
				C389E20D1F20A87100C6009A /* Main.storyboard in Resources */,
			);
			runOnlyForDeploymentPostprocessing = 0;
		};
/* End PBXResourcesBuildPhase section */

/* Begin PBXSourcesBuildPhase section */
		C389E2001F20A87100C6009A /* Sources */ = {
			isa = PBXSourcesBuildPhase;
			buildActionMask = 2147483647;
			files = (
				C389E20A1F20A87100C6009A /* ViewController.swift in Sources */,
				C389E2081F20A87100C6009A /* AppDelegate.swift in Sources */,
				C389E21B1F20ABC500C6009A /* CustomTextField.swift in Sources */,
			);
			runOnlyForDeploymentPostprocessing = 0;
		};
/* End PBXSourcesBuildPhase section */

/* Begin PBXVariantGroup section */
		C389E20B1F20A87100C6009A /* Main.storyboard */ = {
			isa = PBXVariantGroup;
			children = (
				C389E20C1F20A87100C6009A /* Base */,
			);
			name = Main.storyboard;
			sourceTree = "<group>";
		};
		C389E2101F20A87100C6009A /* LaunchScreen.storyboard */ = {
			isa = PBXVariantGroup;
			children = (
				C389E2111F20A87100C6009A /* Base */,
			);
			name = LaunchScreen.storyboard;
			sourceTree = "<group>";
		};
/* End PBXVariantGroup section */

/* Begin XCBuildConfiguration section */
		C389E2141F20A87100C6009A /* Debug */ = {
			isa = XCBuildConfiguration;
			buildSettings = {
				ALWAYS_SEARCH_USER_PATHS = NO;
				CLANG_ANALYZER_NONNULL = YES;
				CLANG_ANALYZER_NUMBER_OBJECT_CONVERSION = YES_AGGRESSIVE;
				CLANG_CXX_LANGUAGE_STANDARD = "gnu++0x";
				CLANG_CXX_LIBRARY = "libc++";
				CLANG_ENABLE_MODULES = YES;
				CLANG_ENABLE_OBJC_ARC = YES;
				CLANG_WARN_BOOL_CONVERSION = YES;
				CLANG_WARN_CONSTANT_CONVERSION = YES;
				CLANG_WARN_DIRECT_OBJC_ISA_USAGE = YES_ERROR;
				CLANG_WARN_DOCUMENTATION_COMMENTS = YES;
				CLANG_WARN_EMPTY_BODY = YES;
				CLANG_WARN_ENUM_CONVERSION = YES;
				CLANG_WARN_INFINITE_RECURSION = YES;
				CLANG_WARN_INT_CONVERSION = YES;
				CLANG_WARN_OBJC_ROOT_CLASS = YES_ERROR;
				CLANG_WARN_SUSPICIOUS_MOVE = YES;
				CLANG_WARN_UNREACHABLE_CODE = YES;
				CLANG_WARN__DUPLICATE_METHOD_MATCH = YES;
				"CODE_SIGN_IDENTITY[sdk=iphoneos*]" = "iPhone Developer";
				COPY_PHASE_STRIP = NO;
				DEBUG_INFORMATION_FORMAT = dwarf;
				ENABLE_STRICT_OBJC_MSGSEND = YES;
				ENABLE_TESTABILITY = YES;
				GCC_C_LANGUAGE_STANDARD = gnu99;
				GCC_DYNAMIC_NO_PIC = NO;
				GCC_NO_COMMON_BLOCKS = YES;
				GCC_OPTIMIZATION_LEVEL = 0;
				GCC_PREPROCESSOR_DEFINITIONS = (
					"DEBUG=1",
					"$(inherited)",
				);
				GCC_WARN_64_TO_32_BIT_CONVERSION = YES;
				GCC_WARN_ABOUT_RETURN_TYPE = YES_ERROR;
				GCC_WARN_UNDECLARED_SELECTOR = YES;
				GCC_WARN_UNINITIALIZED_AUTOS = YES_AGGRESSIVE;
				GCC_WARN_UNUSED_FUNCTION = YES;
				GCC_WARN_UNUSED_VARIABLE = YES;
				IPHONEOS_DEPLOYMENT_TARGET = 10.3;
				MTL_ENABLE_DEBUG_INFO = YES;
				ONLY_ACTIVE_ARCH = YES;
				SDKROOT = iphoneos;
				SWIFT_ACTIVE_COMPILATION_CONDITIONS = DEBUG;
				SWIFT_OPTIMIZATION_LEVEL = "-Onone";
			};
			name = Debug;
		};
		C389E2151F20A87100C6009A /* Release */ = {
			isa = XCBuildConfiguration;
			buildSettings = {
				ALWAYS_SEARCH_USER_PATHS = NO;
				CLANG_ANALYZER_NONNULL = YES;
				CLANG_ANALYZER_NUMBER_OBJECT_CONVERSION = YES_AGGRESSIVE;
				CLANG_CXX_LANGUAGE_STANDARD = "gnu++0x";
				CLANG_CXX_LIBRARY = "libc++";
				CLANG_ENABLE_MODULES = YES;
				CLANG_ENABLE_OBJC_ARC = YES;
				CLANG_WARN_BOOL_CONVERSION = YES;
				CLANG_WARN_CONSTANT_CONVERSION = YES;
				CLANG_WARN_DIRECT_OBJC_ISA_USAGE = YES_ERROR;
				CLANG_WARN_DOCUMENTATION_COMMENTS = YES;
				CLANG_WARN_EMPTY_BODY = YES;
				CLANG_WARN_ENUM_CONVERSION = YES;
				CLANG_WARN_INFINITE_RECURSION = YES;
				CLANG_WARN_INT_CONVERSION = YES;
				CLANG_WARN_OBJC_ROOT_CLASS = YES_ERROR;
				CLANG_WARN_SUSPICIOUS_MOVE = YES;
				CLANG_WARN_UNREACHABLE_CODE = YES;
				CLANG_WARN__DUPLICATE_METHOD_MATCH = YES;
				"CODE_SIGN_IDENTITY[sdk=iphoneos*]" = "iPhone Developer";
				COPY_PHASE_STRIP = NO;
				DEBUG_INFORMATION_FORMAT = "dwarf-with-dsym";
				ENABLE_NS_ASSERTIONS = NO;
				ENABLE_STRICT_OBJC_MSGSEND = YES;
				GCC_C_LANGUAGE_STANDARD = gnu99;
				GCC_NO_COMMON_BLOCKS = YES;
				GCC_WARN_64_TO_32_BIT_CONVERSION = YES;
				GCC_WARN_ABOUT_RETURN_TYPE = YES_ERROR;
				GCC_WARN_UNDECLARED_SELECTOR = YES;
				GCC_WARN_UNINITIALIZED_AUTOS = YES_AGGRESSIVE;
				GCC_WARN_UNUSED_FUNCTION = YES;
				GCC_WARN_UNUSED_VARIABLE = YES;
				IPHONEOS_DEPLOYMENT_TARGET = 10.3;
				MTL_ENABLE_DEBUG_INFO = NO;
				SDKROOT = iphoneos;
				SWIFT_OPTIMIZATION_LEVEL = "-Owholemodule";
				VALIDATE_PRODUCT = YES;
			};
			name = Release;
		};
		C389E2171F20A87100C6009A /* Debug */ = {
			isa = XCBuildConfiguration;
			buildSettings = {
				ASSETCATALOG_COMPILER_APPICON_NAME = AppIcon;
				DEVELOPMENT_TEAM = YSMFM25N4P;
				INFOPLIST_FILE = CustomTextField/Info.plist;
				LD_RUNPATH_SEARCH_PATHS = "$(inherited) @executable_path/Frameworks";
				PRODUCT_BUNDLE_IDENTIFIER = com.apps.CustomTextField;
				PRODUCT_NAME = "$(TARGET_NAME)";
				SWIFT_VERSION = 3.0;
			};
			name = Debug;
		};
		C389E2181F20A87100C6009A /* Release */ = {
			isa = XCBuildConfiguration;
			buildSettings = {
				ASSETCATALOG_COMPILER_APPICON_NAME = AppIcon;
				DEVELOPMENT_TEAM = YSMFM25N4P;
				INFOPLIST_FILE = CustomTextField/Info.plist;
				LD_RUNPATH_SEARCH_PATHS = "$(inherited) @executable_path/Frameworks";
				PRODUCT_BUNDLE_IDENTIFIER = com.apps.CustomTextField;
				PRODUCT_NAME = "$(TARGET_NAME)";
				SWIFT_VERSION = 3.0;
			};
			name = Release;
		};
/* End XCBuildConfiguration section */

/* Begin XCConfigurationList section */
		C389E1FF1F20A87100C6009A /* Build configuration list for PBXProject "CustomTextField" */ = {
			isa = XCConfigurationList;
			buildConfigurations = (
				C389E2141F20A87100C6009A /* Debug */,
				C389E2151F20A87100C6009A /* Release */,
			);
			defaultConfigurationIsVisible = 0;
			defaultConfigurationName = Release;
		};
		C389E2161F20A87100C6009A /* Build configuration list for PBXNativeTarget "CustomTextField" */ = {
			isa = XCConfigurationList;
			buildConfigurations = (
				C389E2171F20A87100C6009A /* Debug */,
				C389E2181F20A87100C6009A /* Release */,
			);
			defaultConfigurationIsVisible = 0;
			defaultConfigurationName = Release;
		};
/* End XCConfigurationList section */
	};
	rootObject = C389E1FC1F20A87100C6009A /* Project object */;
}
